
Microsoft Visual Studio Solution File, Format Version 12.00
# Visual Studio Version 16
VisualStudioVersion = 16.0.33130.400
MinimumVisualStudioVersion = 10.0.40219.1
Project("{FAE04EC0-301F-11D3-BF4B-00C04F79EFBC}") = "GitFunForReals", "GitFunForReals\GitFunForReals.csproj", "{DBD158BB-229F-47F5-BE8D-E3C76BA3FD41}"
EndProject
Global
	GlobalSection(SolutionConfigurationPlatforms) = preSolution
		Debug|Any CPU = Debug|Any CPU
		Release|Any CPU = Release|Any CPU
	EndGlobalSection
	GlobalSection(ProjectConfigurationPlatforms) = postSolution
		{DBD158BB-229F-47F5-BE8D-E3C76BA3FD41}.Debug|Any CPU.ActiveCfg = Debug|Any CPU
		{DBD158BB-229F-47F5-BE8D-E3C76BA3FD41}.Debug|Any CPU.Build.0 = Debug|Any CPU
		{DBD158BB-229F-47F5-BE8D-E3C76BA3FD41}.Release|Any CPU.ActiveCfg = Release|Any CPU
		{DBD158BB-229F-47F5-BE8D-E3C76BA3FD41}.Release|Any CPU.Build.0 = Release|Any CPU
	EndGlobalSection
	GlobalSection(SolutionProperties) = preSolution
		HideSolutionNode = FALSE
	EndGlobalSection
	GlobalSection(ExtensibilityGlobals) = postSolution
		SolutionGuid = {2970B000-1292-4D69-9B31-720990D47BC5}
	EndGlobalSection
EndGlobal
